
Microsoft Visual Studio Solution File, Format Version 12.00
# Visual Studio Version 16
VisualStudioVersion = 16.0.31205.134
MinimumVisualStudioVersion = 10.0.40219.1
Project("{FAE04EC0-301F-11D3-BF4B-00C04F79EFBC}") = "WorkingWithFormsAndControls2", "WorkingWithFormsAndControls2\WorkingWithFormsAndControls2.csproj", "{559734B1-04E9-40A9-82BD-957DD1E2A093}"
EndProject
Global
	GlobalSection(SolutionConfigurationPlatforms) = preSolution
		Debug|Any CPU = Debug|Any CPU
		Release|Any CPU = Release|Any CPU
	EndGlobalSection
	GlobalSection(ProjectConfigurationPlatforms) = postSolution
		{559734B1-04E9-40A9-82BD-957DD1E2A093}.Debug|Any CPU.ActiveCfg = Debug|Any CPU
		{559734B1-04E9-40A9-82BD-957DD1E2A093}.Debug|Any CPU.Build.0 = Debug|Any CPU
		{559734B1-04E9-40A9-82BD-957DD1E2A093}.Release|Any CPU.ActiveCfg = Release|Any CPU
		{559734B1-04E9-40A9-82BD-957DD1E2A093}.Release|Any CPU.Build.0 = Release|Any CPU
	EndGlobalSection
	GlobalSection(SolutionProperties) = preSolution
		HideSolutionNode = FALSE
	EndGlobalSection
	GlobalSection(ExtensibilityGlobals) = postSolution
		SolutionGuid = {B738E75C-16AF-46BF-9375-C5EC2A5833B8}
	EndGlobalSection
EndGlobal
